{
  "lockfileVersion": 1,
  "configVersion": 1,
  "workspaces": {
    "": {
      "name": "task-secrets",
      "dependencies": {
        "@helmr/sdk": "latest",
      },
    },
  },
  "packages": {
    "@bufbuild/protobuf": ["@bufbuild/protobuf@2.13.0", "", {}, "sha512-acq7c49vxfm1ggJ95P70TX7ABDM0vxr1SYD3BB0o0jnBLB4OAqeHyKuN+cD3w80gXEDQ2zxHpR6CUeA+O/aU9g=="],

    "@helmr/proto": ["@helmr/proto@0.1.0", "", { "dependencies": { "@bufbuild/protobuf": "^2.11.0" } }, "sha512-mllwxmJ79Gir57QNBHIXdb+71PtUv3SsG6sz1sI0vllwRyJQKfCnnHYGjCJD5FevsNCwiC/u5SHtalJXc1azqQ=="],

    "@helmr/sdk": ["@helmr/sdk@0.1.0", "", { "dependencies": { "@bufbuild/protobuf": "^2.11.0", "@helmr/proto": "0.1.0" } }, "sha512-BeOi5kC5FNSqSMO4ucelO0gKP6kZ6gneA5JpgnqBWXv2EZkLkc5IZTQXWshOxySysR5CWlJpFS6QnqWO9a+Ltg=="],
  }
}
